
Microsoft Visual Studio Solution File, Format Version 12.00
# Visual Studio Version 16
VisualStudioVersion = 16.0.28917.181
MinimumVisualStudioVersion = 10.0.40219.1
Project("{FAE04EC0-301F-11D3-BF4B-00C04F79EFBC}") = "MUSACA", "MUSACA\MUSACA.csproj", "{DE262D09-B7ED-4BBE-983D-DB6690EC8A9B}"
EndProject
Global
	GlobalSection(SolutionConfigurationPlatforms) = preSolution
		Debug|Any CPU = Debug|Any CPU
		Release|Any CPU = Release|Any CPU
	EndGlobalSection
	GlobalSection(ProjectConfigurationPlatforms) = postSolution
		{DE262D09-B7ED-4BBE-983D-DB6690EC8A9B}.Debug|Any CPU.ActiveCfg = Debug|Any CPU
		{DE262D09-B7ED-4BBE-983D-DB6690EC8A9B}.Debug|Any CPU.Build.0 = Debug|Any CPU
		{DE262D09-B7ED-4BBE-983D-DB6690EC8A9B}.Release|Any CPU.ActiveCfg = Release|Any CPU
		{DE262D09-B7ED-4BBE-983D-DB6690EC8A9B}.Release|Any CPU.Build.0 = Release|Any CPU
	EndGlobalSection
	GlobalSection(SolutionProperties) = preSolution
		HideSolutionNode = FALSE
	EndGlobalSection
	GlobalSection(ExtensibilityGlobals) = postSolution
		SolutionGuid = {09850ED2-9623-4F5D-81D5-3CD4EEB34E1F}
	EndGlobalSection
EndGlobal
